
Microsoft Visual Studio Solution File, Format Version 12.00
# Visual Studio Version 17
VisualStudioVersion = 17.0.31903.59
MinimumVisualStudioVersion = 10.0.40219.1
Project("{2150E333-8FDC-42A3-9474-1A3956D46DE8}") = "src", "src", "{D45EDD30-846B-49F5-8F6B-166127658DA1}"
EndProject
Project("{2150E333-8FDC-42A3-9474-1A3956D46DE8}") = "Core", "Core", "{315C9B73-2E16-486B-B7AF-4F264B0CF00F}"
EndProject
Project("{9A19103F-16F7-4668-BE54-9A1E7A4F7556}") = "Mehr.Domain", "src\Core\Mehr.Domain\Mehr.Domain.csproj", "{8958561C-F625-4BA8-B05A-CFF8D5BF3064}"
EndProject
Project("{9A19103F-16F7-4668-BE54-9A1E7A4F7556}") = "Mehr.Application", "src\Core\Mehr.Application\Mehr.Application.csproj", "{02F1E7D2-8966-4334-A089-507633B8E8D6}"
EndProject
Project("{2150E333-8FDC-42A3-9474-1A3956D46DE8}") = "Infarstructure", "Infarstructure", "{AFE30853-B09B-4ED3-BF12-79DC067213A4}"
EndProject
Project("{9A19103F-16F7-4668-BE54-9A1E7A4F7556}") = "Mehr.Infarstructure", "src\Infarstructure\Mehr.Infarstructure\Mehr.Infarstructure.csproj", "{D5DFCCEF-99C6-487D-8F13-7F9C49A6D77F}"
EndProject
Project("{2150E333-8FDC-42A3-9474-1A3956D46DE8}") = "Persentation", "Persentation", "{286507E1-1D49-406F-BA74-4D799EC46233}"
EndProject
Project("{9A19103F-16F7-4668-BE54-9A1E7A4F7556}") = "Mehr.Api", "src\Persentation\Mehr.Api\Mehr.Api.csproj", "{A5013058-DF89-4B5E-90BD-96ACD1382A91}"
EndProject
Project("{FAE04EC0-301F-11D3-BF4B-00C04F79EFBC}") = "Mehr.SharedKernel", "src\Core\Mehr.SharedKernel\Mehr.SharedKernel.csproj", "{AFB15EC1-0C3D-4F78-9D10-9A63E10E4394}"
EndProject
Global
	GlobalSection(SolutionConfigurationPlatforms) = preSolution
		Debug|Any CPU = Debug|Any CPU
		Release|Any CPU = Release|Any CPU
	EndGlobalSection
	GlobalSection(ProjectConfigurationPlatforms) = postSolution
		{8958561C-F625-4BA8-B05A-CFF8D5BF3064}.Debug|Any CPU.ActiveCfg = Debug|Any CPU
		{8958561C-F625-4BA8-B05A-CFF8D5BF3064}.Debug|Any CPU.Build.0 = Debug|Any CPU
		{8958561C-F625-4BA8-B05A-CFF8D5BF3064}.Release|Any CPU.ActiveCfg = Release|Any CPU
		{8958561C-F625-4BA8-B05A-CFF8D5BF3064}.Release|Any CPU.Build.0 = Release|Any CPU
		{02F1E7D2-8966-4334-A089-507633B8E8D6}.Debug|Any CPU.ActiveCfg = Debug|Any CPU
		{02F1E7D2-8966-4334-A089-507633B8E8D6}.Debug|Any CPU.Build.0 = Debug|Any CPU
		{02F1E7D2-8966-4334-A089-507633B8E8D6}.Release|Any CPU.ActiveCfg = Release|Any CPU
		{02F1E7D2-8966-4334-A089-507633B8E8D6}.Release|Any CPU.Build.0 = Release|Any CPU
		{D5DFCCEF-99C6-487D-8F13-7F9C49A6D77F}.Debug|Any CPU.ActiveCfg = Debug|Any CPU
		{D5DFCCEF-99C6-487D-8F13-7F9C49A6D77F}.Debug|Any CPU.Build.0 = Debug|Any CPU
		{D5DFCCEF-99C6-487D-8F13-7F9C49A6D77F}.Release|Any CPU.ActiveCfg = Release|Any CPU
		{D5DFCCEF-99C6-487D-8F13-7F9C49A6D77F}.Release|Any CPU.Build.0 = Release|Any CPU
		{A5013058-DF89-4B5E-90BD-96ACD1382A91}.Debug|Any CPU.ActiveCfg = Debug|Any CPU
		{A5013058-DF89-4B5E-90BD-96ACD1382A91}.Debug|Any CPU.Build.0 = Debug|Any CPU
		{A5013058-DF89-4B5E-90BD-96ACD1382A91}.Release|Any CPU.ActiveCfg = Release|Any CPU
		{A5013058-DF89-4B5E-90BD-96ACD1382A91}.Release|Any CPU.Build.0 = Release|Any CPU
		{AFB15EC1-0C3D-4F78-9D10-9A63E10E4394}.Debug|Any CPU.ActiveCfg = Debug|Any CPU
		{AFB15EC1-0C3D-4F78-9D10-9A63E10E4394}.Debug|Any CPU.Build.0 = Debug|Any CPU
		{AFB15EC1-0C3D-4F78-9D10-9A63E10E4394}.Release|Any CPU.ActiveCfg = Release|Any CPU
		{AFB15EC1-0C3D-4F78-9D10-9A63E10E4394}.Release|Any CPU.Build.0 = Release|Any CPU
	EndGlobalSection
	GlobalSection(SolutionProperties) = preSolution
		HideSolutionNode = FALSE
	EndGlobalSection
	GlobalSection(NestedProjects) = preSolution
		{315C9B73-2E16-486B-B7AF-4F264B0CF00F} = {D45EDD30-846B-49F5-8F6B-166127658DA1}
		{8958561C-F625-4BA8-B05A-CFF8D5BF3064} = {315C9B73-2E16-486B-B7AF-4F264B0CF00F}
		{02F1E7D2-8966-4334-A089-507633B8E8D6} = {315C9B73-2E16-486B-B7AF-4F264B0CF00F}
		{AFE30853-B09B-4ED3-BF12-79DC067213A4} = {D45EDD30-846B-49F5-8F6B-166127658DA1}
		{D5DFCCEF-99C6-487D-8F13-7F9C49A6D77F} = {AFE30853-B09B-4ED3-BF12-79DC067213A4}
		{286507E1-1D49-406F-BA74-4D799EC46233} = {D45EDD30-846B-49F5-8F6B-166127658DA1}
		{A5013058-DF89-4B5E-90BD-96ACD1382A91} = {286507E1-1D49-406F-BA74-4D799EC46233}
		{AFB15EC1-0C3D-4F78-9D10-9A63E10E4394} = {315C9B73-2E16-486B-B7AF-4F264B0CF00F}
	EndGlobalSection
	GlobalSection(ExtensibilityGlobals) = postSolution
		SolutionGuid = {4B8848AA-BBD7-4242-8DB9-EE8EB0A87B70}
	EndGlobalSection
EndGlobal
